
Microsoft Visual Studio Solution File, Format Version 12.00
# Visual Studio 15
VisualStudioVersion = 15.0.27703.2000
MinimumVisualStudioVersion = 10.0.40219.1
Project("{FAE04EC0-301F-11D3-BF4B-00C04F79EFBC}") = "omdbApp", "omdbApp\omdbApp.csproj", "{01AAA8CE-7E0A-43BF-BC8B-F81CBF026229}"
EndProject
Global
	GlobalSection(SolutionConfigurationPlatforms) = preSolution
		Debug|Any CPU = Debug|Any CPU
		Release|Any CPU = Release|Any CPU
	EndGlobalSection
	GlobalSection(ProjectConfigurationPlatforms) = postSolution
		{01AAA8CE-7E0A-43BF-BC8B-F81CBF026229}.Debug|Any CPU.ActiveCfg = Debug|Any CPU
		{01AAA8CE-7E0A-43BF-BC8B-F81CBF026229}.Debug|Any CPU.Build.0 = Debug|Any CPU
		{01AAA8CE-7E0A-43BF-BC8B-F81CBF026229}.Release|Any CPU.ActiveCfg = Release|Any CPU
		{01AAA8CE-7E0A-43BF-BC8B-F81CBF026229}.Release|Any CPU.Build.0 = Release|Any CPU
	EndGlobalSection
	GlobalSection(SolutionProperties) = preSolution
		HideSolutionNode = FALSE
	EndGlobalSection
	GlobalSection(ExtensibilityGlobals) = postSolution
		SolutionGuid = {C09501EA-6D8D-4A53-ADD6-3F07F9819961}
	EndGlobalSection
EndGlobal
